{
  "name": "yadda-multiline-steps-example",
  "version": "0.0.1",
  "lockfileVersion": 3,
  "requires": true,
  "packages": {
    "": {
      "name": "yadda-multiline-steps-example",
      "version": "0.0.1",
      "hasInstallScript": true,
      "license": "Apache2",
      "dependencies": {
        "csv-parse": "^4.4.6",
        "lodash": "^4.17.11"
      }
    },
    "node_modules/csv-parse": {
      "version": "4.4.6",
      "resolved": "https://registry.npmjs.org/csv-parse/-/csv-parse-4.4.6.tgz",
      "integrity": "sha512-VisC5TBBhOF+70zjrF9FOiqI2LZOhXK/vAWlOrqyqz3lLa+P8jzJ7L/sg90MHmkSY/brAXWwrmGSZR0tM5yi4g=="
    },
    "node_modules/lodash": {
      "version": "4.17.11",
      "resolved": "https://registry.npmjs.org/lodash/-/lodash-4.17.11.tgz",
      "integrity": "sha512-cQKh8igo5QUhZ7lg38DYWAxMvjSAKG0A8wGSVimP07SIUEK2UO+arSRKbRZWtelMtN5V0Hkwh5ryOto/SshYIg=="
    }
  }
}
