{
  "name": "yadda-component-browser-example",
  "version": "0.0.0",
  "lockfileVersion": 1,
  "requires": true,
  "dependencies": {
    "acorn": {
      "version": "3.3.0",
      "resolved": "https://utilitywarehouse.jfrog.io/utilitywarehouse/api/npm/npm-common/acorn/-/acorn-3.3.0.tgz",
      "integrity": "sha1-ReN/s56No/JbruP/U2niu18iAXo="
    },
    "agent-base": {
      "version": "1.0.2",
      "resolved": "https://registry.npmjs.org/agent-base/-/agent-base-1.0.2.tgz",
      "integrity": "sha1-aJDT+yFwBLYrcPiSjg+uX4lSpwY="
    },
    "align-text": {
      "version": "0.1.4",
      "resolved": "https://utilitywarehouse.jfrog.io/utilitywarehouse/api/npm/npm-common/align-text/-/align-text-0.1.4.tgz",
      "integrity": "sha1-DNkKVhCT810KmSVsIrcGlDP60Rc=",
      "requires": {
        "kind-of": "3.0.4",
        "longest": "1.0.1",
        "repeat-string": "1.6.1"
      }
    },
    "alter": {
      "version": "0.2.0",
      "resolved": "https://registry.npmjs.org/alter/-/alter-0.2.0.tgz",
      "integrity": "sha1-x1iICGF1cgNKrmJICvJrHU0cs80=",
      "requires": {
        "stable": "0.1.5"
      }
    },
    "amdefine": {
      "version": "1.0.0",
      "resolved": "https://utilitywarehouse.jfrog.io/utilitywarehouse/api/npm/npm-common/amdefine/-/amdefine-1.0.0.tgz",
      "integrity": "sha1-/RdHRwDLXMnCtwnwvp0jzjwZjDM=",
      "optional": true
    },
    "archy": {
      "version": "0.0.2",
      "resolved": "https://registry.npmjs.org/archy/-/archy-0.0.2.tgz",
      "integrity": "sha1-kQ9Dv2YUH8M1VkWXq8GJ30Sz014="
    },
    "ast-traverse": {
      "version": "0.1.1",
      "resolved": "https://registry.npmjs.org/ast-traverse/-/ast-traverse-0.1.1.tgz",
      "integrity": "sha1-ac8rg4bxnc2hux4F1o/jWdiJfeY="
    },
    "ast-types": {
      "version": "0.9.0",
      "resolved": "https://registry.npmjs.org/ast-types/-/ast-types-0.9.0.tgz",
      "integrity": "sha1-yHIch0euTVspuSnpnFMXtOh0ViM="
    },
    "balanced-match": {
      "version": "0.4.2",
      "resolved": "https://utilitywarehouse.jfrog.io/utilitywarehouse/api/npm/npm-common/balanced-match/-/balanced-match-0.4.2.tgz",
      "integrity": "sha1-yz8+PHMtwPAe5wtAPzAuYddwmDg="
    },
    "batch": {
      "version": "0.5.3",
      "resolved": "https://registry.npmjs.org/batch/-/batch-0.5.3.tgz",
      "integrity": "sha1-PzQU84AyF0O/wQQvmoP/HVgk1GQ="
    },
    "brace-expansion": {
      "version": "1.1.6",
      "resolved": "https://utilitywarehouse.jfrog.io/utilitywarehouse/api/npm/npm-common/brace-expansion/-/brace-expansion-1.1.6.tgz",
      "integrity": "sha1-cZfX6qm4fmSDkOph/GbIRCdCDfk=",
      "requires": {
        "balanced-match": "0.4.2",
        "concat-map": "0.0.1"
      }
    },
    "breakable": {
      "version": "1.0.0",
      "resolved": "https://registry.npmjs.org/breakable/-/breakable-1.0.0.tgz",
      "integrity": "sha1-eEp5eRWjjq0nutRWtVcstLuqeME="
    },
    "buffer-shims": {
      "version": "1.0.0",
      "resolved": "https://utilitywarehouse.jfrog.io/utilitywarehouse/api/npm/npm-common/buffer-shims/-/buffer-shims-1.0.0.tgz",
      "integrity": "sha1-mXjOMXOIxkmth5MCjDR37wRKi1E="
    },
    "camelcase": {
      "version": "1.2.1",
      "resolved": "https://utilitywarehouse.jfrog.io/utilitywarehouse/api/npm/npm-common/camelcase/-/camelcase-1.2.1.tgz",
      "integrity": "sha1-m7UwTS4LVmmLLHWLCKPqqdqlijk="
    },
    "center-align": {
      "version": "0.1.3",
      "resolved": "https://utilitywarehouse.jfrog.io/utilitywarehouse/api/npm/npm-common/center-align/-/center-align-0.1.3.tgz",
      "integrity": "sha1-qg0yYptu6XIgBBHL1EYckHvCt60=",
      "requires": {
        "align-text": "0.1.4",
        "lazy-cache": "1.0.4"
      }
    },
    "cliui": {
      "version": "2.1.0",
      "resolved": "https://utilitywarehouse.jfrog.io/utilitywarehouse/api/npm/npm-common/cliui/-/cliui-2.1.0.tgz",
      "integrity": "sha1-S0dXYP+AJkx2LDoXGQMukcf+oNE=",
      "requires": {
        "center-align": "0.1.3",
        "right-align": "0.1.3",
        "wordwrap": "0.0.2"
      },
      "dependencies": {
        "wordwrap": {
          "version": "0.0.2",
          "resolved": "https://utilitywarehouse.jfrog.io/utilitywarehouse/api/npm/npm-common/wordwrap/-/wordwrap-0.0.2.tgz",
          "integrity": "sha1-t5Zpu0LstAn4PVg8rVLKF+qhZD8="
        }
      }
    },
    "co": {
      "version": "3.0.6",
      "resolved": "https://registry.npmjs.org/co/-/co-3.0.6.tgz",
      "integrity": "sha1-FEXyJsXrlWE45oyawwFn6n0ua9o="
    },
    "colors": {
      "version": "0.6.2",
      "resolved": "https://registry.npmjs.org/colors/-/colors-0.6.2.tgz",
      "integrity": "sha1-JCP+ZnisDF2uiFLl0OW+CMmXq8w="
    },
    "commander": {
      "version": "1.0.5",
      "resolved": "https://registry.npmjs.org/commander/-/commander-1.0.5.tgz",
      "integrity": "sha1-RXKVu5duOI6d0NtS3kMz4knz2Iw=",
      "requires": {
        "keypress": "0.1.0"
      }
    },
    "commoner": {
      "version": "0.10.4",
      "resolved": "https://registry.npmjs.org/commoner/-/commoner-0.10.4.tgz",
      "integrity": "sha1-mPMzPdOtOZWWuy04Sng7tyE9aPg=",
      "requires": {
        "commander": "2.9.0",
        "detective": "4.3.2",
        "glob": "5.0.15",
        "graceful-fs": "4.1.9",
        "iconv-lite": "0.4.13",
        "mkdirp": "0.5.1",
        "private": "0.1.6",
        "q": "1.4.1",
        "recast": "0.10.33"
      },
      "dependencies": {
        "commander": {
          "version": "2.9.0",
          "resolved": "https://utilitywarehouse.jfrog.io/utilitywarehouse/api/npm/npm-common/commander/-/commander-2.9.0.tgz",
          "integrity": "sha1-nJkJQXbhIkDLItbFFGCYQA/g99Q=",
          "requires": {
            "graceful-readlink": "1.0.1"
          }
        },
        "mkdirp": {
          "version": "0.5.1",
          "resolved": "https://utilitywarehouse.jfrog.io/utilitywarehouse/api/npm/npm-common/mkdirp/-/mkdirp-0.5.1.tgz",
          "integrity": "sha1-MAV0OOrGz3+MR2fzhkjWaX11yQM=",
          "requires": {
            "minimist": "0.0.8"
          }
        }
      }
    },
    "component": {
      "version": "0.19.9",
      "resolved": "https://registry.npmjs.org/component/-/component-0.19.9.tgz",
      "integrity": "sha1-mY352Gokrh1pZ4bhAawmdE9u1LA=",
      "requires": {
        "archy": "0.0.2",
        "batch": "0.5.3",
        "commander": "1.0.5",
        "component-builder": "0.10.1",
        "component-installer": "0.0.8",
        "component-package": "0.0.4",
        "debug": "2.2.0",
        "jog": "0.4.0",
        "mkdirp": "0.3.5",
        "netrc": "0.1.4",
        "open": "0.0.4",
        "proxy-agent": "1.1.1",
        "rimraf": "2.2.8",
        "string-to-js": "0.0.1",
        "superagent": "0.15.7",
        "superagent-proxy": "0.3.2",
        "win-fork": "1.1.1"
      }
    },
    "component-builder": {
      "version": "0.10.1",
      "resolved": "https://registry.npmjs.org/component-builder/-/component-builder-0.10.1.tgz",
      "integrity": "sha1-0px6twJBpnjj+NvqTRdZxotvj5s=",
      "requires": {
        "batch": "0.2.1",
        "component-require": "0.3.1",
        "cp": "0.1.1",
        "debug": "2.2.0",
        "mkdirp": "0.3.4",
        "string-to-js": "0.0.1"
      },
      "dependencies": {
        "batch": {
          "version": "0.2.1",
          "resolved": "https://registry.npmjs.org/batch/-/batch-0.2.1.tgz",
          "integrity": "sha1-RGOZe7TV/Rx6ARVIgT5SqhicLHk="
        },
        "mkdirp": {
          "version": "0.3.4",
          "resolved": "https://registry.npmjs.org/mkdirp/-/mkdirp-0.3.4.tgz",
          "integrity": "sha1-+MgdITtymaAx8ZOlfXUqF9L2x9g="
        }
      }
    },
    "component-installer": {
      "version": "0.0.8",
      "resolved": "https://registry.npmjs.org/component-installer/-/component-installer-0.0.8.tgz",
      "integrity": "sha1-eCnojM0obRCxYKNc1sZuGSoTl90=",
      "requires": {
        "batch": "0.5.3",
        "component-package": "0.0.4",
        "debug": "0.7.4"
      },
      "dependencies": {
        "debug": {
          "version": "0.7.4",
          "resolved": "https://registry.npmjs.org/debug/-/debug-0.7.4.tgz",
          "integrity": "sha1-BuHqgILCyxTjmAbiLi9vdX+Srzk="
        }
      }
    },
    "component-package": {
      "version": "0.0.4",
      "resolved": "https://registry.npmjs.org/component-package/-/component-package-0.0.4.tgz",
      "integrity": "sha1-dViC+LhEqFkaN6CMwbbyOvX6JrA=",
      "requires": {
        "batch": "0.3.2",
        "debug": "2.2.0",
        "mkdirp": "0.3.4",
        "netrc": "0.1.4",
        "proxy-agent": "1.1.1",
        "rimraf": "2.1.4",
        "superagent": "0.15.7",
        "superagent-proxy": "0.3.2"
      },
      "dependencies": {
        "batch": {
          "version": "0.3.2",
          "resolved": "https://registry.npmjs.org/batch/-/batch-0.3.2.tgz",
          "integrity": "sha1-j4AsE1i+KzNTX4gI4KI8nwB1czs="
        },
        "graceful-fs": {
          "version": "1.2.3",
          "resolved": "https://registry.npmjs.org/graceful-fs/-/graceful-fs-1.2.3.tgz",
          "integrity": "sha1-FaSAaldUfLLS2/J/QuiajDRRs2Q=",
          "optional": true
        },
        "mkdirp": {
          "version": "0.3.4",
          "resolved": "https://registry.npmjs.org/mkdirp/-/mkdirp-0.3.4.tgz",
          "integrity": "sha1-+MgdITtymaAx8ZOlfXUqF9L2x9g="
        },
        "rimraf": {
          "version": "2.1.4",
          "resolved": "https://registry.npmjs.org/rimraf/-/rimraf-2.1.4.tgz",
          "integrity": "sha1-Wm62Lu2gaPUe3lDymz5c0i89m7I=",
          "requires": {
            "graceful-fs": "1.2.3"
          }
        }
      }
    },
    "component-require": {
      "version": "0.3.1",
      "resolved": "https://registry.npmjs.org/component-require/-/component-require-0.3.1.tgz",
      "integrity": "sha1-UKAOLiyw/ic6tCaP4grkgE81/m0="
    },
    "concat-map": {
      "version": "0.0.1",
      "resolved": "https://utilitywarehouse.jfrog.io/utilitywarehouse/api/npm/npm-common/concat-map/-/concat-map-0.0.1.tgz",
      "integrity": "sha1-2Klr13/Wjfd5OnMDajug1UBdR3s="
    },
    "cookiejar": {
      "version": "1.3.0",
      "resolved": "https://registry.npmjs.org/cookiejar/-/cookiejar-1.3.0.tgz",
      "integrity": "sha1-3QCzVnkCHpnL1OhVua0EGRNHR2U="
    },
    "core-util-is": {
      "version": "1.0.2",
      "resolved": "https://utilitywarehouse.jfrog.io/utilitywarehouse/api/npm/npm-common/core-util-is/-/core-util-is-1.0.2.tgz",
      "integrity": "sha1-tf1UIgqivFq1eqtxQMlAdUUDwac="
    },
    "cp": {
      "version": "0.1.1",
      "resolved": "https://registry.npmjs.org/cp/-/cp-0.1.1.tgz",
      "integrity": "sha1-OUanbBpT/+DmhZPzQcEkszbB8G0="
    },
    "data-uri-to-buffer": {
      "version": "0.0.4",
      "resolved": "https://registry.npmjs.org/data-uri-to-buffer/-/data-uri-to-buffer-0.0.4.tgz",
      "integrity": "sha1-RuE6udqOMJdFyNAc5UchPr2y/j8="
    },
    "debug": {
      "version": "2.2.0",
      "resolved": "https://utilitywarehouse.jfrog.io/utilitywarehouse/api/npm/npm-common/debug/-/debug-2.2.0.tgz",
      "integrity": "sha1-+HBX6ZWxofauaklgZkE3vFbwOdo=",
      "requires": {
        "ms": "0.7.1"
      }
    },
    "decamelize": {
      "version": "1.2.0",
      "resolved": "https://utilitywarehouse.jfrog.io/utilitywarehouse/api/npm/npm-common/decamelize/-/decamelize-1.2.0.tgz",
      "integrity": "sha1-9lNNFRSCabIDUue+4m9QH5oZEpA="
    },
    "deep-is": {
      "version": "0.1.3",
      "resolved": "https://utilitywarehouse.jfrog.io/utilitywarehouse/api/npm/npm-common/deep-is/-/deep-is-0.1.3.tgz",
      "integrity": "sha1-s2nW+128E+7PUk+RsHD+7cNXzzQ="
    },
    "defined": {
      "version": "1.0.0",
      "resolved": "https://utilitywarehouse.jfrog.io/utilitywarehouse/api/npm/npm-common/defined/-/defined-1.0.0.tgz",
      "integrity": "sha1-yY2bzvdWdBiOEQlpFRGZ45sfppM="
    },
    "defs": {
      "version": "1.1.1",
      "resolved": "https://registry.npmjs.org/defs/-/defs-1.1.1.tgz",
      "integrity": "sha1-siYJ8sehG6ej2xFoBcE5scr/qdI=",
      "requires": {
        "alter": "0.2.0",
        "ast-traverse": "0.1.1",
        "breakable": "1.0.0",
        "esprima-fb": "15001.1001.0-dev-harmony-fb",
        "simple-fmt": "0.1.0",
        "simple-is": "0.2.0",
        "stringmap": "0.2.2",
        "stringset": "0.2.1",
        "tryor": "0.1.2",
        "yargs": "3.27.0"
      },
      "dependencies": {
        "esprima-fb": {
          "version": "15001.1001.0-dev-harmony-fb",
          "resolved": "https://registry.npmjs.org/esprima-fb/-/esprima-fb-15001.1001.0-dev-harmony-fb.tgz",
          "integrity": "sha1-Q761fsJujPI3092LM+QlM1d/Jlk="
        }
      }
    },
    "degenerator": {
      "version": "1.0.3",
      "resolved": "https://registry.npmjs.org/degenerator/-/degenerator-1.0.3.tgz",
      "integrity": "sha1-3rQHVHJhGhcvwV5PkN76tfnsfv8=",
      "requires": {
        "ast-types": "0.9.0",
        "escodegen": "1.8.1",
        "esprima": "2.7.3"
      }
    },
    "detective": {
      "version": "4.3.2",
      "resolved": "https://registry.npmjs.org/detective/-/detective-4.3.2.tgz",
      "integrity": "sha1-d2l+LnlHrD/nyOJqbW8RUjWvqRw=",
      "requires": {
        "acorn": "3.3.0",
        "defined": "1.0.0"
      }
    },
    "diff": {
      "version": "1.0.7",
      "resolved": "https://registry.npmjs.org/diff/-/diff-1.0.7.tgz",
      "integrity": "sha1-JLuwAcSn1VIhaefKvbLCgU7ZHPQ="
    },
    "ecstatic": {
      "version": "0.4.13",
      "resolved": "https://registry.npmjs.org/ecstatic/-/ecstatic-0.4.13.tgz",
      "integrity": "sha1-nLbq/+IRuchO+z9VPN4sMAJxeyk=",
      "requires": {
        "ent": "0.0.7",
        "mime": "1.2.5",
        "optimist": "0.3.7"
      },
      "dependencies": {
        "optimist": {
          "version": "0.3.7",
          "resolved": "https://registry.npmjs.org/optimist/-/optimist-0.3.7.tgz",
          "integrity": "sha1-yQlBrVnkJzMokjB00s8ufLxuwNk=",
          "requires": {
            "wordwrap": "0.0.3"
          }
        },
        "wordwrap": {
          "version": "0.0.3",
          "resolved": "https://utilitywarehouse.jfrog.io/utilitywarehouse/api/npm/npm-common/wordwrap/-/wordwrap-0.0.3.tgz",
          "integrity": "sha1-o9XabNXAvAAI03I0u68b7WMFkQc="
        }
      }
    },
    "emitter-component": {
      "version": "1.0.0",
      "resolved": "https://registry.npmjs.org/emitter-component/-/emitter-component-1.0.0.tgz",
      "integrity": "sha1-8E3Rj8PcPpp0y8DzELCIZm5MAW8="
    },
    "ent": {
      "version": "0.0.7",
      "resolved": "https://registry.npmjs.org/ent/-/ent-0.0.7.tgz",
      "integrity": "sha1-g11Of556jUkhxpLpAQ7JdtpemUk="
    },
    "escodegen": {
      "version": "1.8.1",
      "resolved": "https://registry.npmjs.org/escodegen/-/escodegen-1.8.1.tgz",
      "integrity": "sha1-WltTr0aTEQvrsIZ6o0MN07cKEBg=",
      "requires": {
        "esprima": "2.7.3",
        "estraverse": "1.9.3",
        "esutils": "2.0.2",
        "optionator": "0.8.2",
        "source-map": "0.2.0"
      }
    },
    "esprima": {
      "version": "2.7.3",
      "resolved": "https://utilitywarehouse.jfrog.io/utilitywarehouse/api/npm/npm-common/esprima/-/esprima-2.7.3.tgz",
      "integrity": "sha1-luO3DVd59q1JzQMmc9HDEnZ7pYE="
    },
    "estraverse": {
      "version": "1.9.3",
      "resolved": "https://registry.npmjs.org/estraverse/-/estraverse-1.9.3.tgz",
      "integrity": "sha1-r2fy3JIlgkFZUJJgkaQAXSnJu0Q="
    },
    "esutils": {
      "version": "2.0.2",
      "resolved": "https://utilitywarehouse.jfrog.io/utilitywarehouse/api/npm/npm-common/esutils/-/esutils-2.0.2.tgz",
      "integrity": "sha1-Cr9PHKpbyx96nYrMbepPqqBLrJs="
    },
    "extend": {
      "version": "3.0.0",
      "resolved": "https://utilitywarehouse.jfrog.io/utilitywarehouse/api/npm/npm-common/extend/-/extend-3.0.0.tgz",
      "integrity": "sha1-WkdDU7nzNT3dgXbf03uRyDpG8dQ="
    },
    "fast-levenshtein": {
      "version": "2.0.5",
      "resolved": "https://utilitywarehouse.jfrog.io/utilitywarehouse/api/npm/npm-common/fast-levenshtein/-/fast-levenshtein-2.0.5.tgz",
      "integrity": "sha1-vTMUV0RRmrHDbD7p8x8I6QebZ/I="
    },
    "file-uri-to-path": {
      "version": "0.0.2",
      "resolved": "https://registry.npmjs.org/file-uri-to-path/-/file-uri-to-path-0.0.2.tgz",
      "integrity": "sha1-N83RtbkFQEs/BeGyNkW+aU/3D4I="
    },
    "formidable": {
      "version": "1.0.14",
      "resolved": "https://registry.npmjs.org/formidable/-/formidable-1.0.14.tgz",
      "integrity": "sha1-Kz9MQRy7X91pXESEPiojUUpDIxo="
    },
    "ftp": {
      "version": "0.3.10",
      "resolved": "https://registry.npmjs.org/ftp/-/ftp-0.3.10.tgz",
      "integrity": "sha1-kZfYYa2BQvPmPVqDv+TFn3MwiF0=",
      "requires": {
        "readable-stream": "1.1.14",
        "xregexp": "2.0.0"
      },
      "dependencies": {
        "readable-stream": {
          "version": "1.1.14",
          "resolved": "https://utilitywarehouse.jfrog.io/utilitywarehouse/api/npm/npm-common/readable-stream/-/readable-stream-1.1.14.tgz",
          "integrity": "sha1-fPTFTvZI44EwhMY23SB54WbAgdk=",
          "requires": {
            "core-util-is": "1.0.2",
            "inherits": "2.0.3",
            "isarray": "0.0.1",
            "string_decoder": "0.10.31"
          }
        }
      }
    },
    "get-uri": {
      "version": "0.1.4",
      "resolved": "https://registry.npmjs.org/get-uri/-/get-uri-0.1.4.tgz",
      "integrity": "sha1-NfinlUwSn7Ey/y3fXtgaV8uKnlQ=",
      "requires": {
        "data-uri-to-buffer": "0.0.4",
        "debug": "2.2.0",
        "extend": "3.0.0",
        "file-uri-to-path": "0.0.2",
        "ftp": "0.3.10",
        "readable-stream": "2.1.5"
      }
    },
    "glob": {
      "version": "5.0.15",
      "resolved": "https://registry.npmjs.org/glob/-/glob-5.0.15.tgz",
      "integrity": "sha1-G8k2ueAvSmA/zCIuz3Yz0wuLk7E=",
      "requires": {
        "inflight": "1.0.6",
        "inherits": "2.0.3",
        "minimatch": "3.0.3",
        "once": "1.4.0",
        "path-is-absolute": "1.0.1"
      }
    },
    "graceful-fs": {
      "version": "4.1.9",
      "resolved": "https://utilitywarehouse.jfrog.io/utilitywarehouse/api/npm/npm-common/graceful-fs/-/graceful-fs-4.1.9.tgz",
      "integrity": "sha1-uqy6N9GdEfnRRtNXi8mZWMN4fik="
    },
    "graceful-readlink": {
      "version": "1.0.1",
      "resolved": "https://utilitywarehouse.jfrog.io/utilitywarehouse/api/npm/npm-common/graceful-readlink/-/graceful-readlink-1.0.1.tgz",
      "integrity": "sha1-TK+tdrxi8C+gObL5Tpo906ORpyU="
    },
    "growl": {
      "version": "1.7.0",
      "resolved": "https://registry.npmjs.org/growl/-/growl-1.7.0.tgz",
      "integrity": "sha1-3i1mE20ALhErpw8/EMMc98NQsto="
    },
    "http-proxy-agent": {
      "version": "0.2.7",
      "resolved": "https://registry.npmjs.org/http-proxy-agent/-/http-proxy-agent-0.2.7.tgz",
      "integrity": "sha1-4X/aZfCQLZUs55IeYsf/iGJlWl4=",
      "requires": {
        "agent-base": "1.0.2",
        "debug": "2.2.0",
        "extend": "3.0.0"
      }
    },
    "http-server": {
      "version": "0.6.1",
      "resolved": "https://registry.npmjs.org/http-server/-/http-server-0.6.1.tgz",
      "integrity": "sha1-BvzmXPK9QTKleL2sYv+suX1hOYE=",
      "requires": {
        "colors": "0.6.2",
        "ecstatic": "0.4.13",
        "opener": "1.3.0",
        "optimist": "0.5.2",
        "portfinder": "0.2.1",
        "union": "0.3.8"
      }
    },
    "https-proxy-agent": {
      "version": "0.3.6",
      "resolved": "https://registry.npmjs.org/https-proxy-agent/-/https-proxy-agent-0.3.6.tgz",
      "integrity": "sha1-cT+jjl01P1DrFKNC/r4pAz7RYZs=",
      "requires": {
        "agent-base": "1.0.2",
        "debug": "2.2.0",
        "extend": "3.0.0"
      }
    },
    "iconv-lite": {
      "version": "0.4.13",
      "resolved": "https://utilitywarehouse.jfrog.io/utilitywarehouse/api/npm/npm-common/iconv-lite/-/iconv-lite-0.4.13.tgz",
      "integrity": "sha1-H4irpKsLFQjoMSrMOTRfNumS4vI="
    },
    "inflight": {
      "version": "1.0.6",
      "resolved": "https://utilitywarehouse.jfrog.io/utilitywarehouse/api/npm/npm-common/inflight/-/inflight-1.0.6.tgz",
      "integrity": "sha1-Sb1jMdfQLQwJvJEKEHW6gWW1bfk=",
      "requires": {
        "once": "1.4.0",
        "wrappy": "1.0.2"
      }
    },
    "inherits": {
      "version": "2.0.3",
      "resolved": "https://utilitywarehouse.jfrog.io/utilitywarehouse/api/npm/npm-common/inherits/-/inherits-2.0.3.tgz",
      "integrity": "sha1-Yzwsg+PaQqUC9SRmAiSA9CCCYd4="
    },
    "invert-kv": {
      "version": "1.0.0",
      "resolved": "https://registry.npmjs.org/invert-kv/-/invert-kv-1.0.0.tgz",
      "integrity": "sha1-EEqOSqym09jNFXqO+L+rLXo//bY="
    },
    "ip": {
      "version": "1.1.3",
      "resolved": "https://registry.npmjs.org/ip/-/ip-1.1.3.tgz",
      "integrity": "sha1-ErFilKOJJUhtYYoRA1BuTrT4spY="
    },
    "is-buffer": {
      "version": "1.1.4",
      "resolved": "https://utilitywarehouse.jfrog.io/utilitywarehouse/api/npm/npm-common/is-buffer/-/is-buffer-1.1.4.tgz",
      "integrity": "sha1-z8hszV3FpS+oBIkRHGkgxFfi2Ys="
    },
    "isarray": {
      "version": "0.0.1",
      "resolved": "https://utilitywarehouse.jfrog.io/utilitywarehouse/api/npm/npm-common/isarray/-/isarray-0.0.1.tgz",
      "integrity": "sha1-ihis/Kmo9Bd+Cav8YDiTmwXR7t8="
    },
    "jade": {
      "version": "0.26.3",
      "resolved": "https://registry.npmjs.org/jade/-/jade-0.26.3.tgz",
      "integrity": "sha1-jxDXl32NefL2/4YqgbBRPMslaGw=",
      "requires": {
        "commander": "0.6.1",
        "mkdirp": "0.3.0"
      },
      "dependencies": {
        "commander": {
          "version": "0.6.1",
          "resolved": "https://registry.npmjs.org/commander/-/commander-0.6.1.tgz",
          "integrity": "sha1-+mihT2qUXVTbvlDYzbMyDp47GgY="
        },
        "mkdirp": {
          "version": "0.3.0",
          "resolved": "https://utilitywarehouse.jfrog.io/utilitywarehouse/api/npm/npm-common/mkdirp/-/mkdirp-0.3.0.tgz",
          "integrity": "sha1-G79asbqCevI1dRQ0kEJkVfSB/h4="
        }
      }
    },
    "jog": {
      "version": "0.4.0",
      "resolved": "https://registry.npmjs.org/jog/-/jog-0.4.0.tgz",
      "integrity": "sha1-R5k/sji19Gr+iGPoSmgz7I+khcA=",
      "requires": {
        "commander": "0.5.2",
        "debug": "2.2.0",
        "ms": "0.1.0",
        "redis": "0.7.1"
      },
      "dependencies": {
        "commander": {
          "version": "0.5.2",
          "resolved": "https://registry.npmjs.org/commander/-/commander-0.5.2.tgz",
          "integrity": "sha1-8nAyZwmhFaEmz+1WI4UkObjko7U="
        },
        "ms": {
          "version": "0.1.0",
          "resolved": "https://registry.npmjs.org/ms/-/ms-0.1.0.tgz",
          "integrity": "sha1-8h+sSQ2vHXZn/RgP6QdzicyUQrI="
        }
      }
    },
    "keypress": {
      "version": "0.1.0",
      "resolved": "https://registry.npmjs.org/keypress/-/keypress-0.1.0.tgz",
      "integrity": "sha1-SjGI1CkbZrT2XtuZ+AaqmuKTWSo="
    },
    "kind-of": {
      "version": "3.0.4",
      "resolved": "https://utilitywarehouse.jfrog.io/utilitywarehouse/api/npm/npm-common/kind-of/-/kind-of-3.0.4.tgz",
      "integrity": "sha1-e47PGKThf4Jp1ztQHJ8jLJaIenQ=",
      "requires": {
        "is-buffer": "1.1.4"
      }
    },
    "lazy-cache": {
      "version": "1.0.4",
      "resolved": "https://utilitywarehouse.jfrog.io/utilitywarehouse/api/npm/npm-common/lazy-cache/-/lazy-cache-1.0.4.tgz",
      "integrity": "sha1-odePw6UEdMuAhF07O24dpJpEbo4="
    },
    "lcid": {
      "version": "1.0.0",
      "resolved": "https://registry.npmjs.org/lcid/-/lcid-1.0.0.tgz",
      "integrity": "sha1-MIrMr6C8SDo4Z7S28rlQYlHRuDU=",
      "requires": {
        "invert-kv": "1.0.0"
      }
    },
    "levn": {
      "version": "0.3.0",
      "resolved": "https://utilitywarehouse.jfrog.io/utilitywarehouse/api/npm/npm-common/levn/-/levn-0.3.0.tgz",
      "integrity": "sha1-OwmSTt+fCDwEkP3UwLxEIeBHZO4=",
      "requires": {
        "prelude-ls": "1.1.2",
        "type-check": "0.3.2"
      }
    },
    "longest": {
      "version": "1.0.1",
      "resolved": "https://utilitywarehouse.jfrog.io/utilitywarehouse/api/npm/npm-common/longest/-/longest-1.0.1.tgz",
      "integrity": "sha1-MKCy2jj3N3DoKUoNIuZiXtd9AJc="
    },
    "lru-cache": {
      "version": "2.5.2",
      "resolved": "https://registry.npmjs.org/lru-cache/-/lru-cache-2.5.2.tgz",
      "integrity": "sha1-H92tk4quEmPOE4aAvhs/WRwKtBw="
    },
    "methods": {
      "version": "0.0.1",
      "resolved": "https://registry.npmjs.org/methods/-/methods-0.0.1.tgz",
      "integrity": "sha1-J3yQ+L7zlwlkWoNxxRw7bGSOBow="
    },
    "mime": {
      "version": "1.2.5",
      "resolved": "https://registry.npmjs.org/mime/-/mime-1.2.5.tgz",
      "integrity": "sha1-nu0HMCKov14WyFZsaGe4gyv7+hM="
    },
    "minimatch": {
      "version": "3.0.3",
      "resolved": "https://utilitywarehouse.jfrog.io/utilitywarehouse/api/npm/npm-common/minimatch/-/minimatch-3.0.3.tgz",
      "integrity": "sha1-Kk5AkLlrLbBqnX3wEFWmKnfJt3Q=",
      "requires": {
        "brace-expansion": "1.1.6"
      }
    },
    "minimist": {
      "version": "0.0.8",
      "resolved": "https://utilitywarehouse.jfrog.io/utilitywarehouse/api/npm/npm-common/minimist/-/minimist-0.0.8.tgz",
      "integrity": "sha1-hX/Kv8M5fSYluCKCYuhqp6ARsF0="
    },
    "mkdirp": {
      "version": "0.3.5",
      "resolved": "https://registry.npmjs.org/mkdirp/-/mkdirp-0.3.5.tgz",
      "integrity": "sha1-3j5fiWHIjHh+4TaN+EmsRBPsqNc="
    },
    "mocha": {
      "version": "1.17.1",
      "resolved": "https://registry.npmjs.org/mocha/-/mocha-1.17.1.tgz",
      "integrity": "sha1-f3Zx1oUm0HS3uuZgyQmfh+DqHMs=",
      "requires": {
        "commander": "2.0.0",
        "debug": "2.2.0",
        "diff": "1.0.7",
        "glob": "3.2.3",
        "growl": "1.7.0",
        "jade": "0.26.3",
        "mkdirp": "0.3.5"
      },
      "dependencies": {
        "commander": {
          "version": "2.0.0",
          "resolved": "https://registry.npmjs.org/commander/-/commander-2.0.0.tgz",
          "integrity": "sha1-0bhvkB+LZL2UG96tr5JFMDk76Sg="
        },
        "glob": {
          "version": "3.2.3",
          "resolved": "https://registry.npmjs.org/glob/-/glob-3.2.3.tgz",
          "integrity": "sha1-4xPusknHr/qlxHUoaw4RW1mDlGc=",
          "requires": {
            "graceful-fs": "2.0.3",
            "inherits": "2.0.3",
            "minimatch": "0.2.14"
          }
        },
        "graceful-fs": {
          "version": "2.0.3",
          "resolved": "https://registry.npmjs.org/graceful-fs/-/graceful-fs-2.0.3.tgz",
          "integrity": "sha1-fNLNsiiko/Nule+mzBQt59GhNtA="
        },
        "minimatch": {
          "version": "0.2.14",
          "resolved": "https://registry.npmjs.org/minimatch/-/minimatch-0.2.14.tgz",
          "integrity": "sha1-x054BXT2PG+aCQ6Q775u9TpqdWo=",
          "requires": {
            "lru-cache": "2.5.2",
            "sigmund": "1.0.1"
          }
        }
      }
    },
    "ms": {
      "version": "0.7.1",
      "resolved": "https://utilitywarehouse.jfrog.io/utilitywarehouse/api/npm/npm-common/ms/-/ms-0.7.1.tgz",
      "integrity": "sha1-nNE8A62/8ltl7/3nzoZO6VIBcJg="
    },
    "netmask": {
      "version": "1.0.6",
      "resolved": "https://registry.npmjs.org/netmask/-/netmask-1.0.6.tgz",
      "integrity": "sha1-ICl+idhvb2QA8lDZ9Pa0wZRfzTU="
    },
    "netrc": {
      "version": "0.1.4",
      "resolved": "https://registry.npmjs.org/netrc/-/netrc-0.1.4.tgz",
      "integrity": "sha1-a+lPysqNd63gqWcNxGCRTJRHJEQ="
    },
    "once": {
      "version": "1.4.0",
      "resolved": "https://utilitywarehouse.jfrog.io/utilitywarehouse/api/npm/npm-common/once/-/once-1.4.0.tgz",
      "integrity": "sha1-WDsap3WWHUsROsF9nFC6753Xa9E=",
      "requires": {
        "wrappy": "1.0.2"
      }
    },
    "open": {
      "version": "0.0.4",
      "resolved": "https://registry.npmjs.org/open/-/open-0.0.4.tgz",
      "integrity": "sha1-XeRqCFi59J+fIRqo8mYoVQZX8mI="
    },
    "opener": {
      "version": "1.3.0",
      "resolved": "https://registry.npmjs.org/opener/-/opener-1.3.0.tgz",
      "integrity": "sha1-EwumYiE/qELttM0DYdMaFTAaQ+I="
    },
    "optimist": {
      "version": "0.5.2",
      "resolved": "https://registry.npmjs.org/optimist/-/optimist-0.5.2.tgz",
      "integrity": "sha1-hcjBRUszFeSniUfoV7HfAzRQv7w=",
      "requires": {
        "wordwrap": "0.0.3"
      },
      "dependencies": {
        "wordwrap": {
          "version": "0.0.3",
          "resolved": "https://utilitywarehouse.jfrog.io/utilitywarehouse/api/npm/npm-common/wordwrap/-/wordwrap-0.0.3.tgz",
          "integrity": "sha1-o9XabNXAvAAI03I0u68b7WMFkQc="
        }
      }
    },
    "optionator": {
      "version": "0.8.2",
      "resolved": "https://utilitywarehouse.jfrog.io/utilitywarehouse/api/npm/npm-common/optionator/-/optionator-0.8.2.tgz",
      "integrity": "sha1-NkxeQJ0/TWMB1sC0wFu6UBgK62Q=",
      "requires": {
        "deep-is": "0.1.3",
        "fast-levenshtein": "2.0.5",
        "levn": "0.3.0",
        "prelude-ls": "1.1.2",
        "type-check": "0.3.2",
        "wordwrap": "1.0.0"
      }
    },
    "os-locale": {
      "version": "1.4.0",
      "resolved": "https://registry.npmjs.org/os-locale/-/os-locale-1.4.0.tgz",
      "integrity": "sha1-IPnxeuKe00XoveWDsT0gCYA8FNk=",
      "requires": {
        "lcid": "1.0.0"
      }
    },
    "pac-proxy-agent": {
      "version": "0.2.0",
      "resolved": "https://registry.npmjs.org/pac-proxy-agent/-/pac-proxy-agent-0.2.0.tgz",
      "integrity": "sha1-rZApCdkvT+fMLl9Z9b9QYbz6cbI=",
      "requires": {
        "agent-base": "1.0.2",
        "debug": "2.2.0",
        "extend": "1.2.1",
        "get-uri": "0.1.4",
        "pac-resolver": "1.2.6",
        "proxy-agent": "1.1.1",
        "stream-to-array": "1.0.0"
      },
      "dependencies": {
        "extend": {
          "version": "1.2.1",
          "resolved": "https://registry.npmjs.org/extend/-/extend-1.2.1.tgz",
          "integrity": "sha1-oPX9bPyDpf5J72mNYOyKYk3UV2w="
        }
      }
    },
    "pac-resolver": {
      "version": "1.2.6",
      "resolved": "https://registry.npmjs.org/pac-resolver/-/pac-resolver-1.2.6.tgz",
      "integrity": "sha1-7QOvDFtZM1Bb3T8H91F1Rm1efPs=",
      "requires": {
        "co": "3.0.6",
        "degenerator": "1.0.3",
        "netmask": "1.0.6",
        "regenerator": "0.8.46",
        "thunkify": "2.1.2"
      }
    },
    "path-is-absolute": {
      "version": "1.0.1",
      "resolved": "https://utilitywarehouse.jfrog.io/utilitywarehouse/api/npm/npm-common/path-is-absolute/-/path-is-absolute-1.0.1.tgz",
      "integrity": "sha1-F0uSaHNVNP+8es5r9TpanhtcX18="
    },
    "pkginfo": {
      "version": "0.2.3",
      "resolved": "https://registry.npmjs.org/pkginfo/-/pkginfo-0.2.3.tgz",
      "integrity": "sha1-cjnEKl72wwuPMoQ52bn/cQQkkPg="
    },
    "portfinder": {
      "version": "0.2.1",
      "resolved": "https://registry.npmjs.org/portfinder/-/portfinder-0.2.1.tgz",
      "integrity": "sha1-srmwFk+eF/o6nH2yME0KdRQMca0=",
      "requires": {
        "mkdirp": "0.0.7"
      },
      "dependencies": {
        "mkdirp": {
          "version": "0.0.7",
          "resolved": "https://registry.npmjs.org/mkdirp/-/mkdirp-0.0.7.tgz",
          "integrity": "sha1-2JtPDkw+XlylQjWTFnXglP4aUHI="
        }
      }
    },
    "prelude-ls": {
      "version": "1.1.2",
      "resolved": "https://utilitywarehouse.jfrog.io/utilitywarehouse/api/npm/npm-common/prelude-ls/-/prelude-ls-1.1.2.tgz",
      "integrity": "sha1-IZMqVJ9eUv/ZqCf1cOBL5iqX2lQ="
    },
    "private": {
      "version": "0.1.6",
      "resolved": "https://registry.npmjs.org/private/-/private-0.1.6.tgz",
      "integrity": "sha1-VcapdtD5uvuZJIUTUP5HubX7t8E="
    },
    "process-nextick-args": {
      "version": "1.0.7",
      "resolved": "https://utilitywarehouse.jfrog.io/utilitywarehouse/api/npm/npm-common/process-nextick-args/-/process-nextick-args-1.0.7.tgz",
      "integrity": "sha1-FQ4gt1ZZCtP5EJPyWk8q2L/zC6M="
    },
    "proxy-agent": {
      "version": "1.1.1",
      "resolved": "https://registry.npmjs.org/proxy-agent/-/proxy-agent-1.1.1.tgz",
      "integrity": "sha1-/LHu9eWJZcmV+TjwKdcp/IGFi5U=",
      "requires": {
        "http-proxy-agent": "0.2.7",
        "https-proxy-agent": "0.3.6",
        "lru-cache": "2.5.2",
        "pac-proxy-agent": "0.2.0",
        "socks-proxy-agent": "1.0.2"
      }
    },
    "q": {
      "version": "1.4.1",
      "resolved": "https://registry.npmjs.org/q/-/q-1.4.1.tgz",
      "integrity": "sha1-VXBbzZPF82c1MMLCy8DCs63cKG4="
    },
    "qs": {
      "version": "0.6.5",
      "resolved": "https://registry.npmjs.org/qs/-/qs-0.6.5.tgz",
      "integrity": "sha1-KUsmjksNQlD23eGbO4s0k13/FO8="
    },
    "readable-stream": {
      "version": "2.1.5",
      "resolved": "https://utilitywarehouse.jfrog.io/utilitywarehouse/api/npm/npm-common/readable-stream/-/readable-stream-2.1.5.tgz",
      "integrity": "sha1-ZvqLcg4UOLNkaB8q0aY8YYRIydA=",
      "requires": {
        "buffer-shims": "1.0.0",
        "core-util-is": "1.0.2",
        "inherits": "2.0.3",
        "isarray": "1.0.0",
        "process-nextick-args": "1.0.7",
        "string_decoder": "0.10.31",
        "util-deprecate": "1.0.2"
      },
      "dependencies": {
        "isarray": {
          "version": "1.0.0",
          "resolved": "https://utilitywarehouse.jfrog.io/utilitywarehouse/api/npm/npm-common/isarray/-/isarray-1.0.0.tgz",
          "integrity": "sha1-u5NdSFgsuhaMBoNJV6VKPgcSTxE="
        }
      }
    },
    "recast": {
      "version": "0.10.33",
      "resolved": "https://registry.npmjs.org/recast/-/recast-0.10.33.tgz",
      "integrity": "sha1-lCgI96oBbx+nFCxGHX5XBKqo1pc=",
      "requires": {
        "ast-types": "0.8.12",
        "esprima-fb": "15001.1001.0-dev-harmony-fb",
        "private": "0.1.6",
        "source-map": "0.5.6"
      },
      "dependencies": {
        "ast-types": {
          "version": "0.8.12",
          "resolved": "https://registry.npmjs.org/ast-types/-/ast-types-0.8.12.tgz",
          "integrity": "sha1-oNkOQ1G7iHcWyD/WN+v4GK9K38w="
        },
        "esprima-fb": {
          "version": "15001.1001.0-dev-harmony-fb",
          "resolved": "https://registry.npmjs.org/esprima-fb/-/esprima-fb-15001.1001.0-dev-harmony-fb.tgz",
          "integrity": "sha1-Q761fsJujPI3092LM+QlM1d/Jlk="
        },
        "source-map": {
          "version": "0.5.6",
          "resolved": "https://utilitywarehouse.jfrog.io/utilitywarehouse/api/npm/npm-common/source-map/-/source-map-0.5.6.tgz",
          "integrity": "sha1-dc449SvwczxafwwRjYEzSiu19BI="
        }
      }
    },
    "redis": {
      "version": "0.7.1",
      "resolved": "https://registry.npmjs.org/redis/-/redis-0.7.1.tgz",
      "integrity": "sha1-DcwCYzLH1b4Rq0NnjtKK9qnMjXU="
    },
    "reduce-component": {
      "version": "1.0.1",
      "resolved": "https://registry.npmjs.org/reduce-component/-/reduce-component-1.0.1.tgz",
      "integrity": "sha1-4Mk1QsV0UhvqE98PlIjtgqt3xdo="
    },
    "regenerator": {
      "version": "0.8.46",
      "resolved": "https://registry.npmjs.org/regenerator/-/regenerator-0.8.46.tgz",
      "integrity": "sha1-FUwydoY2HtUsrWmyVF78U6PQdpY=",
      "requires": {
        "commoner": "0.10.4",
        "defs": "1.1.1",
        "esprima-fb": "15001.1001.0-dev-harmony-fb",
        "private": "0.1.6",
        "recast": "0.10.33",
        "regenerator-runtime": "0.9.5",
        "through": "2.3.8"
      },
      "dependencies": {
        "esprima-fb": {
          "version": "15001.1001.0-dev-harmony-fb",
          "resolved": "https://registry.npmjs.org/esprima-fb/-/esprima-fb-15001.1001.0-dev-harmony-fb.tgz",
          "integrity": "sha1-Q761fsJujPI3092LM+QlM1d/Jlk="
        }
      }
    },
    "regenerator-runtime": {
      "version": "0.9.5",
      "resolved": "https://utilitywarehouse.jfrog.io/utilitywarehouse/api/npm/npm-common/regenerator-runtime/-/regenerator-runtime-0.9.5.tgz",
      "integrity": "sha1-QD1tQKS9/5wzDdk5Lcuy2ai7ofw="
    },
    "repeat-string": {
      "version": "1.6.1",
      "resolved": "https://utilitywarehouse.jfrog.io/utilitywarehouse/api/npm/npm-common/repeat-string/-/repeat-string-1.6.1.tgz",
      "integrity": "sha1-jcrkcOHIirwtYA//Sndihtp15jc="
    },
    "right-align": {
      "version": "0.1.3",
      "resolved": "https://utilitywarehouse.jfrog.io/utilitywarehouse/api/npm/npm-common/right-align/-/right-align-0.1.3.tgz",
      "integrity": "sha1-YTObci/mo1FWiSENJOFMlhSGE+8=",
      "requires": {
        "align-text": "0.1.4"
      }
    },
    "rimraf": {
      "version": "2.2.8",
      "resolved": "https://registry.npmjs.org/rimraf/-/rimraf-2.2.8.tgz",
      "integrity": "sha1-5Dm+Kq7jJzIZUnMPmaiSnk/FBYI="
    },
    "sigmund": {
      "version": "1.0.1",
      "resolved": "https://registry.npmjs.org/sigmund/-/sigmund-1.0.1.tgz",
      "integrity": "sha1-P/IfGYytIXX587eBhT/ZTQ0ZtZA="
    },
    "simple-fmt": {
      "version": "0.1.0",
      "resolved": "https://registry.npmjs.org/simple-fmt/-/simple-fmt-0.1.0.tgz",
      "integrity": "sha1-GRv1ZqWeZTBILLJatTtKjchcOms="
    },
    "simple-is": {
      "version": "0.2.0",
      "resolved": "https://registry.npmjs.org/simple-is/-/simple-is-0.2.0.tgz",
      "integrity": "sha1-Krt1qt453rXMgVzhDmGRFkhQuvA="
    },
    "smart-buffer": {
      "version": "1.0.11",
      "resolved": "https://registry.npmjs.org/smart-buffer/-/smart-buffer-1.0.11.tgz",
      "integrity": "sha1-MFAzcJio5M3wNQ/vY90UYEn/lAo="
    },
    "socks": {
      "version": "1.1.9",
      "resolved": "https://registry.npmjs.org/socks/-/socks-1.1.9.tgz",
      "integrity": "sha1-Yo1+TQSRJDVEWsC25Fk3bLPm1pE=",
      "requires": {
        "ip": "1.1.3",
        "smart-buffer": "1.0.11"
      }
    },
    "socks-proxy-agent": {
      "version": "1.0.2",
      "resolved": "https://registry.npmjs.org/socks-proxy-agent/-/socks-proxy-agent-1.0.2.tgz",
      "integrity": "sha1-Z+BrRH/lY3QX/eVzPL/f7J/+EX8=",
      "requires": {
        "agent-base": "1.0.2",
        "extend": "1.2.1",
        "socks": "1.1.9"
      },
      "dependencies": {
        "extend": {
          "version": "1.2.1",
          "resolved": "https://registry.npmjs.org/extend/-/extend-1.2.1.tgz",
          "integrity": "sha1-oPX9bPyDpf5J72mNYOyKYk3UV2w="
        }
      }
    },
    "source-map": {
      "version": "0.2.0",
      "resolved": "https://registry.npmjs.org/source-map/-/source-map-0.2.0.tgz",
      "integrity": "sha1-2rc/vPwrqBm03gO9b26qSBZLP50=",
      "optional": true,
      "requires": {
        "amdefine": "1.0.0"
      }
    },
    "stable": {
      "version": "0.1.5",
      "resolved": "https://registry.npmjs.org/stable/-/stable-0.1.5.tgz",
      "integrity": "sha1-CCMvYMcy6YkHhLW+0HNPizKoh7k="
    },
    "stream-to-array": {
      "version": "1.0.0",
      "resolved": "https://registry.npmjs.org/stream-to-array/-/stream-to-array-1.0.0.tgz",
      "integrity": "sha1-lBZrsp8+ok8ILS+M0+uyzA1uyiw="
    },
    "string-to-js": {
      "version": "0.0.1",
      "resolved": "https://registry.npmjs.org/string-to-js/-/string-to-js-0.0.1.tgz",
      "integrity": "sha1-vxU8dgY2+qMHabgEoBlVUrp62A8="
    },
    "string_decoder": {
      "version": "0.10.31",
      "resolved": "https://utilitywarehouse.jfrog.io/utilitywarehouse/api/npm/npm-common/string_decoder/-/string_decoder-0.10.31.tgz",
      "integrity": "sha1-YuIDvEF2bGwoyfyEMB2rHFMQ+pQ="
    },
    "stringmap": {
      "version": "0.2.2",
      "resolved": "https://registry.npmjs.org/stringmap/-/stringmap-0.2.2.tgz",
      "integrity": "sha1-VWwTeyWPlCuHdvWy71gqoGnX0bE="
    },
    "stringset": {
      "version": "0.2.1",
      "resolved": "https://registry.npmjs.org/stringset/-/stringset-0.2.1.tgz",
      "integrity": "sha1-7yWcTjSTRDd/zRyRPdLoSMnAQrU="
    },
    "superagent": {
      "version": "0.15.7",
      "resolved": "https://registry.npmjs.org/superagent/-/superagent-0.15.7.tgz",
      "integrity": "sha1-CVxwuK//vAcvFFjzloTUhU1jM6M=",
      "requires": {
        "cookiejar": "1.3.0",
        "debug": "0.7.4",
        "emitter-component": "1.0.0",
        "formidable": "1.0.14",
        "methods": "0.0.1",
        "mime": "1.2.5",
        "qs": "0.6.5",
        "reduce-component": "1.0.1"
      },
      "dependencies": {
        "debug": {
          "version": "0.7.4",
          "resolved": "https://registry.npmjs.org/debug/-/debug-0.7.4.tgz",
          "integrity": "sha1-BuHqgILCyxTjmAbiLi9vdX+Srzk="
        }
      }
    },
    "superagent-proxy": {
      "version": "0.3.2",
      "resolved": "https://registry.npmjs.org/superagent-proxy/-/superagent-proxy-0.3.2.tgz",
      "integrity": "sha1-c8J+zUGRWCMHDJCyZe6DkMPhqhU=",
      "requires": {
        "debug": "2.2.0",
        "proxy-agent": "1.1.1"
      }
    },
    "through": {
      "version": "2.3.8",
      "resolved": "https://utilitywarehouse.jfrog.io/utilitywarehouse/api/npm/npm-common/through/-/through-2.3.8.tgz",
      "integrity": "sha1-DdTJ/6q8NXlgsbckEV1+Doai4fU="
    },
    "thunkify": {
      "version": "2.1.2",
      "resolved": "https://registry.npmjs.org/thunkify/-/thunkify-2.1.2.tgz",
      "integrity": "sha1-+qDp0jDFGsyVyhOjYawFyn4EVT0="
    },
    "tryor": {
      "version": "0.1.2",
      "resolved": "https://registry.npmjs.org/tryor/-/tryor-0.1.2.tgz",
      "integrity": "sha1-gUXkynyv9ArN48z5Rui4u3W0Fys="
    },
    "type-check": {
      "version": "0.3.2",
      "resolved": "https://utilitywarehouse.jfrog.io/utilitywarehouse/api/npm/npm-common/type-check/-/type-check-0.3.2.tgz",
      "integrity": "sha1-WITKtRLPHTVeP7eE8wgEsrUg23I=",
      "requires": {
        "prelude-ls": "1.1.2"
      }
    },
    "union": {
      "version": "0.3.8",
      "resolved": "https://registry.npmjs.org/union/-/union-0.3.8.tgz",
      "integrity": "sha1-JqcCpNNSi0NYyXEcir/2zJHSQlc=",
      "requires": {
        "pkginfo": "0.2.3",
        "qs": "0.5.6"
      },
      "dependencies": {
        "qs": {
          "version": "0.5.6",
          "resolved": "https://registry.npmjs.org/qs/-/qs-0.5.6.tgz",
          "integrity": "sha1-MbGtBYVnZRxSaSFQa5qHk5EaA4Q="
        }
      }
    },
    "util-deprecate": {
      "version": "1.0.2",
      "resolved": "https://utilitywarehouse.jfrog.io/utilitywarehouse/api/npm/npm-common/util-deprecate/-/util-deprecate-1.0.2.tgz",
      "integrity": "sha1-RQ1Nyfpw3nMnYvvS1KKJgUGaDM8="
    },
    "win-fork": {
      "version": "1.1.1",
      "resolved": "https://registry.npmjs.org/win-fork/-/win-fork-1.1.1.tgz",
      "integrity": "sha1-j1jgZW/KAK3IyGoriePNLWotXl4="
    },
    "window-size": {
      "version": "0.1.4",
      "resolved": "https://registry.npmjs.org/window-size/-/window-size-0.1.4.tgz",
      "integrity": "sha1-+OGqHuWlPsW/FR/6CXQqatdpeHY="
    },
    "wordwrap": {
      "version": "1.0.0",
      "resolved": "https://utilitywarehouse.jfrog.io/utilitywarehouse/api/npm/npm-common/wordwrap/-/wordwrap-1.0.0.tgz",
      "integrity": "sha1-J1hIEIkUVqQXHI0CJkQa3pDLyus="
    },
    "wrappy": {
      "version": "1.0.2",
      "resolved": "https://utilitywarehouse.jfrog.io/utilitywarehouse/api/npm/npm-common/wrappy/-/wrappy-1.0.2.tgz",
      "integrity": "sha1-tSQ9jz7BqjXxNkYFvA0QNuMKtp8="
    },
    "xregexp": {
      "version": "2.0.0",
      "resolved": "https://utilitywarehouse.jfrog.io/utilitywarehouse/api/npm/npm-common/xregexp/-/xregexp-2.0.0.tgz",
      "integrity": "sha1-UqY+VsoLhKfzpfPWGHLxJq16WUM="
    },
    "y18n": {
      "version": "3.2.1",
      "resolved": "https://registry.npmjs.org/y18n/-/y18n-3.2.1.tgz",
      "integrity": "sha1-bRX7qITAhnnA136I53WegR4H+kE="
    },
    "yargs": {
      "version": "3.27.0",
      "resolved": "https://registry.npmjs.org/yargs/-/yargs-3.27.0.tgz",
      "integrity": "sha1-ISBUaTFuk5Ex1Z8toMbX+YIh6kA=",
      "requires": {
        "camelcase": "1.2.1",
        "cliui": "2.1.0",
        "decamelize": "1.2.0",
        "os-locale": "1.4.0",
        "window-size": "0.1.4",
        "y18n": "3.2.1"
      }
    }
  }
}
