{
  "name": "markdown",
  "version": "0.0.1",
  "lockfileVersion": 3,
  "requires": true,
  "packages": {
    "": {
      "name": "markdown",
      "version": "0.0.1",
      "hasInstallScript": true,
      "license": "Apache2"
    },
    "../..": {
      "version": "3.0.0",
      "extraneous": true,
      "license": "ISC",
      "devDependencies": {
        "@biomejs/biome": "^2.5.8",
        "lefthook": "^1.7.0"
      },
      "engines": {
        "node": ">=20"
      }
    }
  }
}
