{
  "name": "yadda-dictionary-example",
  "version": "0.0.0",
  "lockfileVersion": 1,
  "requires": true,
  "dependencies": {
    "commander": {
      "version": "2.3.0",
      "resolved": "https://registry.npmjs.org/commander/-/commander-2.3.0.tgz",
      "integrity": "sha1-/UMOiJgy7DU7ms0d4hfBHLPu+HM="
    },
    "debug": {
      "version": "2.2.0",
      "resolved": "https://utilitywarehouse.jfrog.io/utilitywarehouse/api/npm/npm-common/debug/-/debug-2.2.0.tgz",
      "integrity": "sha1-+HBX6ZWxofauaklgZkE3vFbwOdo=",
      "requires": {
        "ms": "0.7.1"
      }
    },
    "diff": {
      "version": "1.4.0",
      "resolved": "https://utilitywarehouse.jfrog.io/utilitywarehouse/api/npm/npm-common/diff/-/diff-1.4.0.tgz",
      "integrity": "sha1-fyjS657nsVqX79ic5j3P2qPMur8="
    },
    "escape-string-regexp": {
      "version": "1.0.2",
      "resolved": "https://registry.npmjs.org/escape-string-regexp/-/escape-string-regexp-1.0.2.tgz",
      "integrity": "sha1-Tbwv5nTnGUnK8/smlc5/LcHZqNE="
    },
    "glob": {
      "version": "3.2.11",
      "resolved": "https://registry.npmjs.org/glob/-/glob-3.2.11.tgz",
      "integrity": "sha1-Spc/Y1uRkPcV0QmH1cAP0oFevj0=",
      "requires": {
        "inherits": "2.0.3",
        "minimatch": "0.3.0"
      }
    },
    "growl": {
      "version": "1.9.2",
      "resolved": "https://utilitywarehouse.jfrog.io/utilitywarehouse/api/npm/npm-common/growl/-/growl-1.9.2.tgz",
      "integrity": "sha1-Dqd0NxXbjY3ixe3hd14bRayFwC8="
    },
    "inherits": {
      "version": "2.0.3",
      "resolved": "https://utilitywarehouse.jfrog.io/utilitywarehouse/api/npm/npm-common/inherits/-/inherits-2.0.3.tgz",
      "integrity": "sha1-Yzwsg+PaQqUC9SRmAiSA9CCCYd4="
    },
    "jade": {
      "version": "0.26.3",
      "resolved": "https://registry.npmjs.org/jade/-/jade-0.26.3.tgz",
      "integrity": "sha1-jxDXl32NefL2/4YqgbBRPMslaGw=",
      "requires": {
        "commander": "0.6.1",
        "mkdirp": "0.3.0"
      },
      "dependencies": {
        "commander": {
          "version": "0.6.1",
          "resolved": "https://registry.npmjs.org/commander/-/commander-0.6.1.tgz",
          "integrity": "sha1-+mihT2qUXVTbvlDYzbMyDp47GgY="
        },
        "mkdirp": {
          "version": "0.3.0",
          "resolved": "https://utilitywarehouse.jfrog.io/utilitywarehouse/api/npm/npm-common/mkdirp/-/mkdirp-0.3.0.tgz",
          "integrity": "sha1-G79asbqCevI1dRQ0kEJkVfSB/h4="
        }
      }
    },
    "lru-cache": {
      "version": "2.7.3",
      "resolved": "https://registry.npmjs.org/lru-cache/-/lru-cache-2.7.3.tgz",
      "integrity": "sha1-bUUk6LlV+V1PW1iFHOId1y+06VI="
    },
    "minimatch": {
      "version": "0.3.0",
      "resolved": "https://registry.npmjs.org/minimatch/-/minimatch-0.3.0.tgz",
      "integrity": "sha1-J12O2qxPG7MyZHIInnlJyDlGmd0=",
      "requires": {
        "lru-cache": "2.7.3",
        "sigmund": "1.0.1"
      }
    },
    "minimist": {
      "version": "0.0.8",
      "resolved": "https://utilitywarehouse.jfrog.io/utilitywarehouse/api/npm/npm-common/minimist/-/minimist-0.0.8.tgz",
      "integrity": "sha1-hX/Kv8M5fSYluCKCYuhqp6ARsF0="
    },
    "mkdirp": {
      "version": "0.5.1",
      "resolved": "https://utilitywarehouse.jfrog.io/utilitywarehouse/api/npm/npm-common/mkdirp/-/mkdirp-0.5.1.tgz",
      "integrity": "sha1-MAV0OOrGz3+MR2fzhkjWaX11yQM=",
      "requires": {
        "minimist": "0.0.8"
      }
    },
    "mocha": {
      "version": "2.5.3",
      "resolved": "https://registry.npmjs.org/mocha/-/mocha-2.5.3.tgz",
      "integrity": "sha1-FhvlvetJZ3HrmzV0UFC2IrWu/Fg=",
      "requires": {
        "commander": "2.3.0",
        "debug": "2.2.0",
        "diff": "1.4.0",
        "escape-string-regexp": "1.0.2",
        "glob": "3.2.11",
        "growl": "1.9.2",
        "jade": "0.26.3",
        "mkdirp": "0.5.1",
        "supports-color": "1.2.0",
        "to-iso-string": "0.0.2"
      }
    },
    "ms": {
      "version": "0.7.1",
      "resolved": "https://utilitywarehouse.jfrog.io/utilitywarehouse/api/npm/npm-common/ms/-/ms-0.7.1.tgz",
      "integrity": "sha1-nNE8A62/8ltl7/3nzoZO6VIBcJg="
    },
    "sigmund": {
      "version": "1.0.1",
      "resolved": "https://registry.npmjs.org/sigmund/-/sigmund-1.0.1.tgz",
      "integrity": "sha1-P/IfGYytIXX587eBhT/ZTQ0ZtZA="
    },
    "supports-color": {
      "version": "1.2.0",
      "resolved": "https://registry.npmjs.org/supports-color/-/supports-color-1.2.0.tgz",
      "integrity": "sha1-/x7R5hFp0Gs88tWI4YixjYhH4X4="
    },
    "to-iso-string": {
      "version": "0.0.2",
      "resolved": "https://registry.npmjs.org/to-iso-string/-/to-iso-string-0.0.2.tgz",
      "integrity": "sha1-TcGeZk38y+Jb2NtQiwDG2hWCVdE="
    }
  }
}
